// !$*UTF8*$!
{
	archiveVersion = 1;
	classes = {
	};
	objectVersion = 56;
	objects = {

/* Begin PBXBuildFile section */
		253266B82B83509400D85F1E /* AppDelegate.swift in Sources */ = {isa = PBXBuildFile; fileRef = 253266B72B83509400D85F1E /* AppDelegate.swift */; };
		253266BA2B83509400D85F1E /* SceneDelegate.swift in Sources */ = {isa = PBXBuildFile; fileRef = 253266B92B83509400D85F1E /* SceneDelegate.swift */; };
		253266BC2B83509400D85F1E /* ViewController.swift in Sources */ = {isa = PBXBuildFile; fileRef = 253266BB2B83509400D85F1E /* ViewController.swift */; };
		253266BF2B83509400D85F1E /* Main.storyboard in Resources */ = {isa = PBXBuildFile; fileRef = 253266BD2B83509400D85F1E /* Main.storyboard */; };
		253266C12B83509600D85F1E /* Assets.xcassets in Resources */ = {isa = PBXBuildFile; fileRef = 253266C02B83509600D85F1E /* Assets.xcassets */; };
		253266C42B83509600D85F1E /* LaunchScreen.storyboard in Resources */ = {isa = PBXBuildFile; fileRef = 253266C22B83509600D85F1E /* LaunchScreen.storyboard */; };
		253266CF2B83509600D85F1E /* MovieListTests.swift in Sources */ = {isa = PBXBuildFile; fileRef = 253266CE2B83509600D85F1E /* MovieListTests.swift */; };
		253266D92B83509600D85F1E /* MovieListUITests.swift in Sources */ = {isa = PBXBuildFile; fileRef = 253266D82B83509600D85F1E /* MovieListUITests.swift */; };
		253266DB2B83509600D85F1E /* MovieListUITestsLaunchTests.swift in Sources */ = {isa = PBXBuildFile; fileRef = 253266DA2B83509600D85F1E /* MovieListUITestsLaunchTests.swift */; };
		253266EB2B83515600D85F1E /* MovieList.swift in Sources */ = {isa = PBXBuildFile; fileRef = 253266E92B83515600D85F1E /* MovieList.swift */; };
		253266EC2B83515600D85F1E /* MovieList.xib in Resources */ = {isa = PBXBuildFile; fileRef = 253266EA2B83515600D85F1E /* MovieList.xib */; };
		253266F12B83524500D85F1E /* Movies.swift in Sources */ = {isa = PBXBuildFile; fileRef = 253266EF2B83524500D85F1E /* Movies.swift */; };
		253266F22B83524500D85F1E /* Movies.xib in Resources */ = {isa = PBXBuildFile; fileRef = 253266F02B83524500D85F1E /* Movies.xib */; };
		253266F42B83539400D85F1E /* Model.swift in Sources */ = {isa = PBXBuildFile; fileRef = 253266F32B83539400D85F1E /* Model.swift */; };
		253266F82B8356B100D85F1E /* ApiManager.swift in Sources */ = {isa = PBXBuildFile; fileRef = 253266F72B8356B100D85F1E /* ApiManager.swift */; };
/* End PBXBuildFile section */

/* Begin PBXContainerItemProxy section */
		253266CB2B83509600D85F1E /* PBXContainerItemProxy */ = {
			isa = PBXContainerItemProxy;
			containerPortal = 253266AC2B83509400D85F1E /* Project object */;
			proxyType = 1;
			remoteGlobalIDString = 253266B32B83509400D85F1E;
			remoteInfo = MovieList;
		};
		253266D52B83509600D85F1E /* PBXContainerItemProxy */ = {
			isa = PBXContainerItemProxy;
			containerPortal = 253266AC2B83509400D85F1E /* Project object */;
			proxyType = 1;
			remoteGlobalIDString = 253266B32B83509400D85F1E;
			remoteInfo = MovieList;
		};
/* End PBXContainerItemProxy section */

/* Begin PBXFileReference section */
		253266B42B83509400D85F1E /* MovieList.app */ = {isa = PBXFileReference; explicitFileType = wrapper.application; includeInIndex = 0; path = MovieList.app; sourceTree = BUILT_PRODUCTS_DIR; };
		253266B72B83509400D85F1E /* AppDelegate.swift */ = {isa = PBXFileReference; lastKnownFileType = sourcecode.swift; path = AppDelegate.swift; sourceTree = "<group>"; };
		253266B92B83509400D85F1E /* SceneDelegate.swift */ = {isa = PBXFileReference; lastKnownFileType = sourcecode.swift; path = SceneDelegate.swift; sourceTree = "<group>"; };
		253266BB2B83509400D85F1E /* ViewController.swift */ = {isa = PBXFileReference; lastKnownFileType = sourcecode.swift; path = ViewController.swift; sourceTree = "<group>"; };
		253266BE2B83509400D85F1E /* Base */ = {isa = PBXFileReference; lastKnownFileType = file.storyboard; name = Base; path = Base.lproj/Main.storyboard; sourceTree = "<group>"; };
		253266C02B83509600D85F1E /* Assets.xcassets */ = {isa = PBXFileReference; lastKnownFileType = folder.assetcatalog; path = Assets.xcassets; sourceTree = "<group>"; };
		253266C32B83509600D85F1E /* Base */ = {isa = PBXFileReference; lastKnownFileType = file.storyboard; name = Base; path = Base.lproj/LaunchScreen.storyboard; sourceTree = "<group>"; };
		253266C52B83509600D85F1E /* Info.plist */ = {isa = PBXFileReference; lastKnownFileType = text.plist.xml; path = Info.plist; sourceTree = "<group>"; };
		253266CA2B83509600D85F1E /* MovieListTests.xctest */ = {isa = PBXFileReference; explicitFileType = wrapper.cfbundle; includeInIndex = 0; path = MovieListTests.xctest; sourceTree = BUILT_PRODUCTS_DIR; };
		253266CE2B83509600D85F1E /* MovieListTests.swift */ = {isa = PBXFileReference; lastKnownFileType = sourcecode.swift; path = MovieListTests.swift; sourceTree = "<group>"; };
		253266D42B83509600D85F1E /* MovieListUITests.xctest */ = {isa = PBXFileReference; explicitFileType = wrapper.cfbundle; includeInIndex = 0; path = MovieListUITests.xctest; sourceTree = BUILT_PRODUCTS_DIR; };
		253266D82B83509600D85F1E /* MovieListUITests.swift */ = {isa = PBXFileReference; lastKnownFileType = sourcecode.swift; path = MovieListUITests.swift; sourceTree = "<group>"; };
		253266DA2B83509600D85F1E /* MovieListUITestsLaunchTests.swift */ = {isa = PBXFileReference; lastKnownFileType = sourcecode.swift; path = MovieListUITestsLaunchTests.swift; sourceTree = "<group>"; };
		253266E92B83515600D85F1E /* MovieList.swift */ = {isa = PBXFileReference; lastKnownFileType = sourcecode.swift; path = MovieList.swift; sourceTree = "<group>"; };
		253266EA2B83515600D85F1E /* MovieList.xib */ = {isa = PBXFileReference; lastKnownFileType = file.xib; path = MovieList.xib; sourceTree = "<group>"; };
		253266EF2B83524500D85F1E /* Movies.swift */ = {isa = PBXFileReference; lastKnownFileType = sourcecode.swift; path = Movies.swift; sourceTree = "<group>"; };
		253266F02B83524500D85F1E /* Movies.xib */ = {isa = PBXFileReference; lastKnownFileType = file.xib; path = Movies.xib; sourceTree = "<group>"; };
		253266F32B83539400D85F1E /* Model.swift */ = {isa = PBXFileReference; lastKnownFileType = sourcecode.swift; path = Model.swift; sourceTree = "<group>"; };
		253266F72B8356B100D85F1E /* ApiManager.swift */ = {isa = PBXFileReference; lastKnownFileType = sourcecode.swift; path = ApiManager.swift; sourceTree = "<group>"; };
/* End PBXFileReference section */

/* Begin PBXFrameworksBuildPhase section */
		253266B12B83509400D85F1E /* Frameworks */ = {
			isa = PBXFrameworksBuildPhase;
			buildActionMask = 2147483647;
			files = (
			);
			runOnlyForDeploymentPostprocessing = 0;
		};
		253266C72B83509600D85F1E /* Frameworks */ = {
			isa = PBXFrameworksBuildPhase;
			buildActionMask = 2147483647;
			files = (
			);
			runOnlyForDeploymentPostprocessing = 0;
		};
		253266D12B83509600D85F1E /* Frameworks */ = {
			isa = PBXFrameworksBuildPhase;
			buildActionMask = 2147483647;
			files = (
			);
			runOnlyForDeploymentPostprocessing = 0;
		};
/* End PBXFrameworksBuildPhase section */

/* Begin PBXGroup section */
		253266AB2B83509400D85F1E = {
			isa = PBXGroup;
			children = (
				253266B62B83509400D85F1E /* MovieList */,
				253266CD2B83509600D85F1E /* MovieListTests */,
				253266D72B83509600D85F1E /* MovieListUITests */,
				253266B52B83509400D85F1E /* Products */,
			);
			sourceTree = "<group>";
		};
		253266B52B83509400D85F1E /* Products */ = {
			isa = PBXGroup;
			children = (
				253266B42B83509400D85F1E /* MovieList.app */,
				253266CA2B83509600D85F1E /* MovieListTests.xctest */,
				253266D42B83509600D85F1E /* MovieListUITests.xctest */,
			);
			name = Products;
			sourceTree = "<group>";
		};
		253266B62B83509400D85F1E /* MovieList */ = {
			isa = PBXGroup;
			children = (
				253266B72B83509400D85F1E /* AppDelegate.swift */,
				253266B92B83509400D85F1E /* SceneDelegate.swift */,
				253266BB2B83509400D85F1E /* ViewController.swift */,
				253266E92B83515600D85F1E /* MovieList.swift */,
				253266F32B83539400D85F1E /* Model.swift */,
				253266EA2B83515600D85F1E /* MovieList.xib */,
				253266BD2B83509400D85F1E /* Main.storyboard */,
				253266C02B83509600D85F1E /* Assets.xcassets */,
				253266C22B83509600D85F1E /* LaunchScreen.storyboard */,
				253266EF2B83524500D85F1E /* Movies.swift */,
				253266F02B83524500D85F1E /* Movies.xib */,
				253266F72B8356B100D85F1E /* ApiManager.swift */,
				253266C52B83509600D85F1E /* Info.plist */,
			);
			path = MovieList;
			sourceTree = "<group>";
		};
		253266CD2B83509600D85F1E /* MovieListTests */ = {
			isa = PBXGroup;
			children = (
				253266CE2B83509600D85F1E /* MovieListTests.swift */,
			);
			path = MovieListTests;
			sourceTree = "<group>";
		};
		253266D72B83509600D85F1E /* MovieListUITests */ = {
			isa = PBXGroup;
			children = (
				253266D82B83509600D85F1E /* MovieListUITests.swift */,
				253266DA2B83509600D85F1E /* MovieListUITestsLaunchTests.swift */,
			);
			path = MovieListUITests;
			sourceTree = "<group>";
		};
/* End PBXGroup section */

/* Begin PBXNativeTarget section */
		253266B32B83509400D85F1E /* MovieList */ = {
			isa = PBXNativeTarget;
			buildConfigurationList = 253266DE2B83509600D85F1E /* Build configuration list for PBXNativeTarget "MovieList" */;
			buildPhases = (
				253266B02B83509400D85F1E /* Sources */,
				253266B12B83509400D85F1E /* Frameworks */,
				253266B22B83509400D85F1E /* Resources */,
			);
			buildRules = (
			);
			dependencies = (
			);
			name = MovieList;
			productName = MovieList;
			productReference = 253266B42B83509400D85F1E /* MovieList.app */;
			productType = "com.apple.product-type.application";
		};
		253266C92B83509600D85F1E /* MovieListTests */ = {
			isa = PBXNativeTarget;
			buildConfigurationList = 253266E12B83509600D85F1E /* Build configuration list for PBXNativeTarget "MovieListTests" */;
			buildPhases = (
				253266C62B83509600D85F1E /* Sources */,
				253266C72B83509600D85F1E /* Frameworks */,
				253266C82B83509600D85F1E /* Resources */,
			);
			buildRules = (
			);
			dependencies = (
				253266CC2B83509600D85F1E /* PBXTargetDependency */,
			);
			name = MovieListTests;
			productName = MovieListTests;
			productReference = 253266CA2B83509600D85F1E /* MovieListTests.xctest */;
			productType = "com.apple.product-type.bundle.unit-test";
		};
		253266D32B83509600D85F1E /* MovieListUITests */ = {
			isa = PBXNativeTarget;
			buildConfigurationList = 253266E42B83509600D85F1E /* Build configuration list for PBXNativeTarget "MovieListUITests" */;
			buildPhases = (
				253266D02B83509600D85F1E /* Sources */,
				253266D12B83509600D85F1E /* Frameworks */,
				253266D22B83509600D85F1E /* Resources */,
			);
			buildRules = (
			);
			dependencies = (
				253266D62B83509600D85F1E /* PBXTargetDependency */,
			);
			name = MovieListUITests;
			productName = MovieListUITests;
			productReference = 253266D42B83509600D85F1E /* MovieListUITests.xctest */;
			productType = "com.apple.product-type.bundle.ui-testing";
		};
/* End PBXNativeTarget section */

/* Begin PBXProject section */
		253266AC2B83509400D85F1E /* Project object */ = {
			isa = PBXProject;
			attributes = {
				BuildIndependentTargetsInParallel = 1;
				LastSwiftUpdateCheck = 1520;
				LastUpgradeCheck = 1520;
				TargetAttributes = {
					253266B32B83509400D85F1E = {
						CreatedOnToolsVersion = 15.2;
					};
					253266C92B83509600D85F1E = {
						CreatedOnToolsVersion = 15.2;
						TestTargetID = 253266B32B83509400D85F1E;
					};
					253266D32B83509600D85F1E = {
						CreatedOnToolsVersion = 15.2;
						TestTargetID = 253266B32B83509400D85F1E;
					};
				};
			};
			buildConfigurationList = 253266AF2B83509400D85F1E /* Build configuration list for PBXProject "MovieList" */;
			compatibilityVersion = "Xcode 14.0";
			developmentRegion = en;
			hasScannedForEncodings = 0;
			knownRegions = (
				en,
				Base,
			);
			mainGroup = 253266AB2B83509400D85F1E;
			productRefGroup = 253266B52B83509400D85F1E /* Products */;
			projectDirPath = "";
			projectRoot = "";
			targets = (
				253266B32B83509400D85F1E /* MovieList */,
				253266C92B83509600D85F1E /* MovieListTests */,
				253266D32B83509600D85F1E /* MovieListUITests */,
			);
		};
/* End PBXProject section */

/* Begin PBXResourcesBuildPhase section */
		253266B22B83509400D85F1E /* Resources */ = {
			isa = PBXResourcesBuildPhase;
			buildActionMask = 2147483647;
			files = (
				253266F22B83524500D85F1E /* Movies.xib in Resources */,
				253266C42B83509600D85F1E /* LaunchScreen.storyboard in Resources */,
				253266C12B83509600D85F1E /* Assets.xcassets in Resources */,
				253266EC2B83515600D85F1E /* MovieList.xib in Resources */,
				253266BF2B83509400D85F1E /* Main.storyboard in Resources */,
			);
			runOnlyForDeploymentPostprocessing = 0;
		};
		253266C82B83509600D85F1E /* Resources */ = {
			isa = PBXResourcesBuildPhase;
			buildActionMask = 2147483647;
			files = (
			);
			runOnlyForDeploymentPostprocessing = 0;
		};
		253266D22B83509600D85F1E /* Resources */ = {
			isa = PBXResourcesBuildPhase;
			buildActionMask = 2147483647;
			files = (
			);
			runOnlyForDeploymentPostprocessing = 0;
		};
/* End PBXResourcesBuildPhase section */

/* Begin PBXSourcesBuildPhase section */
		253266B02B83509400D85F1E /* Sources */ = {
			isa = PBXSourcesBuildPhase;
			buildActionMask = 2147483647;
			files = (
				253266F12B83524500D85F1E /* Movies.swift in Sources */,
				253266BC2B83509400D85F1E /* ViewController.swift in Sources */,
				253266B82B83509400D85F1E /* AppDelegate.swift in Sources */,
				253266F82B8356B100D85F1E /* ApiManager.swift in Sources */,
				253266F42B83539400D85F1E /* Model.swift in Sources */,
				253266EB2B83515600D85F1E /* MovieList.swift in Sources */,
				253266BA2B83509400D85F1E /* SceneDelegate.swift in Sources */,
			);
			runOnlyForDeploymentPostprocessing = 0;
		};
		253266C62B83509600D85F1E /* Sources */ = {
			isa = PBXSourcesBuildPhase;
			buildActionMask = 2147483647;
			files = (
				253266CF2B83509600D85F1E /* MovieListTests.swift in Sources */,
			);
			runOnlyForDeploymentPostprocessing = 0;
		};
		253266D02B83509600D85F1E /* Sources */ = {
			isa = PBXSourcesBuildPhase;
			buildActionMask = 2147483647;
			files = (
				253266D92B83509600D85F1E /* MovieListUITests.swift in Sources */,
				253266DB2B83509600D85F1E /* MovieListUITestsLaunchTests.swift in Sources */,
			);
			runOnlyForDeploymentPostprocessing = 0;
		};
/* End PBXSourcesBuildPhase section */

/* Begin PBXTargetDependency section */
		253266CC2B83509600D85F1E /* PBXTargetDependency */ = {
			isa = PBXTargetDependency;
			target = 253266B32B83509400D85F1E /* MovieList */;
			targetProxy = 253266CB2B83509600D85F1E /* PBXContainerItemProxy */;
		};
		253266D62B83509600D85F1E /* PBXTargetDependency */ = {
			isa = PBXTargetDependency;
			target = 253266B32B83509400D85F1E /* MovieList */;
			targetProxy = 253266D52B83509600D85F1E /* PBXContainerItemProxy */;
		};
/* End PBXTargetDependency section */

/* Begin PBXVariantGroup section */
		253266BD2B83509400D85F1E /* Main.storyboard */ = {
			isa = PBXVariantGroup;
			children = (
				253266BE2B83509400D85F1E /* Base */,
			);
			name = Main.storyboard;
			sourceTree = "<group>";
		};
		253266C22B83509600D85F1E /* LaunchScreen.storyboard */ = {
			isa = PBXVariantGroup;
			children = (
				253266C32B83509600D85F1E /* Base */,
			);
			name = LaunchScreen.storyboard;
			sourceTree = "<group>";
		};
/* End PBXVariantGroup section */

/* Begin XCBuildConfiguration section */
		253266DC2B83509600D85F1E /* Debug */ = {
			isa = XCBuildConfiguration;
			buildSettings = {
				ALWAYS_SEARCH_USER_PATHS = NO;
				ASSETCATALOG_COMPILER_GENERATE_SWIFT_ASSET_SYMBOL_EXTENSIONS = YES;
				CLANG_ANALYZER_NONNULL = YES;
				CLANG_ANALYZER_NUMBER_OBJECT_CONVERSION = YES_AGGRESSIVE;
				CLANG_CXX_LANGUAGE_STANDARD = "gnu++20";
				CLANG_ENABLE_MODULES = YES;
				CLANG_ENABLE_OBJC_ARC = YES;
				CLANG_ENABLE_OBJC_WEAK = YES;
				CLANG_WARN_BLOCK_CAPTURE_AUTORELEASING = YES;
				CLANG_WARN_BOOL_CONVERSION = YES;
				CLANG_WARN_COMMA = YES;
				CLANG_WARN_CONSTANT_CONVERSION = YES;
				CLANG_WARN_DEPRECATED_OBJC_IMPLEMENTATIONS = YES;
				CLANG_WARN_DIRECT_OBJC_ISA_USAGE = YES_ERROR;
				CLANG_WARN_DOCUMENTATION_COMMENTS = YES;
				CLANG_WARN_EMPTY_BODY = YES;
				CLANG_WARN_ENUM_CONVERSION = YES;
				CLANG_WARN_INFINITE_RECURSION = YES;
				CLANG_WARN_INT_CONVERSION = YES;
				CLANG_WARN_NON_LITERAL_NULL_CONVERSION = YES;
				CLANG_WARN_OBJC_IMPLICIT_RETAIN_SELF = YES;
				CLANG_WARN_OBJC_LITERAL_CONVERSION = YES;
				CLANG_WARN_OBJC_ROOT_CLASS = YES_ERROR;
				CLANG_WARN_QUOTED_INCLUDE_IN_FRAMEWORK_HEADER = YES;
				CLANG_WARN_RANGE_LOOP_ANALYSIS = YES;
				CLANG_WARN_STRICT_PROTOTYPES = YES;
				CLANG_WARN_SUSPICIOUS_MOVE = YES;
				CLANG_WARN_UNGUARDED_AVAILABILITY = YES_AGGRESSIVE;
				CLANG_WARN_UNREACHABLE_CODE = YES;
				CLANG_WARN__DUPLICATE_METHOD_MATCH = YES;
				COPY_PHASE_STRIP = NO;
				DEBUG_INFORMATION_FORMAT = dwarf;
				ENABLE_STRICT_OBJC_MSGSEND = YES;
				ENABLE_TESTABILITY = YES;
				ENABLE_USER_SCRIPT_SANDBOXING = YES;
				GCC_C_LANGUAGE_STANDARD = gnu17;
				GCC_DYNAMIC_NO_PIC = NO;
				GCC_NO_COMMON_BLOCKS = YES;
				GCC_OPTIMIZATION_LEVEL = 0;
				GCC_PREPROCESSOR_DEFINITIONS = (
					"DEBUG=1",
					"$(inherited)",
				);
				GCC_WARN_64_TO_32_BIT_CONVERSION = YES;
				GCC_WARN_ABOUT_RETURN_TYPE = YES_ERROR;
				GCC_WARN_UNDECLARED_SELECTOR = YES;
				GCC_WARN_UNINITIALIZED_AUTOS = YES_AGGRESSIVE;
				GCC_WARN_UNUSED_FUNCTION = YES;
				GCC_WARN_UNUSED_VARIABLE = YES;
				IPHONEOS_DEPLOYMENT_TARGET = 17.2;
				LOCALIZATION_PREFERS_STRING_CATALOGS = YES;
				MTL_ENABLE_DEBUG_INFO = INCLUDE_SOURCE;
				MTL_FAST_MATH = YES;
				ONLY_ACTIVE_ARCH = YES;
				SDKROOT = iphoneos;
				SWIFT_ACTIVE_COMPILATION_CONDITIONS = "DEBUG $(inherited)";
				SWIFT_OPTIMIZATION_LEVEL = "-Onone";
			};
			name = Debug;
		};
		253266DD2B83509600D85F1E /* Release */ = {
			isa = XCBuildConfiguration;
			buildSettings = {
				ALWAYS_SEARCH_USER_PATHS = NO;
				ASSETCATALOG_COMPILER_GENERATE_SWIFT_ASSET_SYMBOL_EXTENSIONS = YES;
				CLANG_ANALYZER_NONNULL = YES;
				CLANG_ANALYZER_NUMBER_OBJECT_CONVERSION = YES_AGGRESSIVE;
				CLANG_CXX_LANGUAGE_STANDARD = "gnu++20";
				CLANG_ENABLE_MODULES = YES;
				CLANG_ENABLE_OBJC_ARC = YES;
				CLANG_ENABLE_OBJC_WEAK = YES;
				CLANG_WARN_BLOCK_CAPTURE_AUTORELEASING = YES;
				CLANG_WARN_BOOL_CONVERSION = YES;
				CLANG_WARN_COMMA = YES;
				CLANG_WARN_CONSTANT_CONVERSION = YES;
				CLANG_WARN_DEPRECATED_OBJC_IMPLEMENTATIONS = YES;
				CLANG_WARN_DIRECT_OBJC_ISA_USAGE = YES_ERROR;
				CLANG_WARN_DOCUMENTATION_COMMENTS = YES;
				CLANG_WARN_EMPTY_BODY = YES;
				CLANG_WARN_ENUM_CONVERSION = YES;
				CLANG_WARN_INFINITE_RECURSION = YES;
				CLANG_WARN_INT_CONVERSION = YES;
				CLANG_WARN_NON_LITERAL_NULL_CONVERSION = YES;
				CLANG_WARN_OBJC_IMPLICIT_RETAIN_SELF = YES;
				CLANG_WARN_OBJC_LITERAL_CONVERSION = YES;
				CLANG_WARN_OBJC_ROOT_CLASS = YES_ERROR;
				CLANG_WARN_QUOTED_INCLUDE_IN_FRAMEWORK_HEADER = YES;
				CLANG_WARN_RANGE_LOOP_ANALYSIS = YES;
				CLANG_WARN_STRICT_PROTOTYPES = YES;
				CLANG_WARN_SUSPICIOUS_MOVE = YES;
				CLANG_WARN_UNGUARDED_AVAILABILITY = YES_AGGRESSIVE;
				CLANG_WARN_UNREACHABLE_CODE = YES;
				CLANG_WARN__DUPLICATE_METHOD_MATCH = YES;
				COPY_PHASE_STRIP = NO;
				DEBUG_INFORMATION_FORMAT = "dwarf-with-dsym";
				ENABLE_NS_ASSERTIONS = NO;
				ENABLE_STRICT_OBJC_MSGSEND = YES;
				ENABLE_USER_SCRIPT_SANDBOXING = YES;
				GCC_C_LANGUAGE_STANDARD = gnu17;
				GCC_NO_COMMON_BLOCKS = YES;
				GCC_WARN_64_TO_32_BIT_CONVERSION = YES;
				GCC_WARN_ABOUT_RETURN_TYPE = YES_ERROR;
				GCC_WARN_UNDECLARED_SELECTOR = YES;
				GCC_WARN_UNINITIALIZED_AUTOS = YES_AGGRESSIVE;
				GCC_WARN_UNUSED_FUNCTION = YES;
				GCC_WARN_UNUSED_VARIABLE = YES;
				IPHONEOS_DEPLOYMENT_TARGET = 17.2;
				LOCALIZATION_PREFERS_STRING_CATALOGS = YES;
				MTL_ENABLE_DEBUG_INFO = NO;
				MTL_FAST_MATH = YES;
				SDKROOT = iphoneos;
				SWIFT_COMPILATION_MODE = wholemodule;
				VALIDATE_PRODUCT = YES;
			};
			name = Release;
		};
		253266DF2B83509600D85F1E /* Debug */ = {
			isa = XCBuildConfiguration;
			buildSettings = {
				ASSETCATALOG_COMPILER_APPICON_NAME = AppIcon;
				ASSETCATALOG_COMPILER_GLOBAL_ACCENT_COLOR_NAME = AccentColor;
				CODE_SIGN_STYLE = Automatic;
				CURRENT_PROJECT_VERSION = 1;
				GENERATE_INFOPLIST_FILE = YES;
				INFOPLIST_FILE = MovieList/Info.plist;
				INFOPLIST_KEY_UIApplicationSupportsIndirectInputEvents = YES;
				INFOPLIST_KEY_UILaunchStoryboardName = LaunchScreen;
				INFOPLIST_KEY_UIMainStoryboardFile = Main;
				INFOPLIST_KEY_UISupportedInterfaceOrientations_iPad = "UIInterfaceOrientationPortrait UIInterfaceOrientationPortraitUpsideDown UIInterfaceOrientationLandscapeLeft UIInterfaceOrientationLandscapeRight";
				INFOPLIST_KEY_UISupportedInterfaceOrientations_iPhone = "UIInterfaceOrientationPortrait UIInterfaceOrientationLandscapeLeft UIInterfaceOrientationLandscapeRight";
				LD_RUNPATH_SEARCH_PATHS = (
					"$(inherited)",
					"@executable_path/Frameworks",
				);
				MARKETING_VERSION = 1.0;
				PRODUCT_BUNDLE_IDENTIFIER = com.vuedata.MovieList;
				PRODUCT_NAME = "$(TARGET_NAME)";
				SWIFT_EMIT_LOC_STRINGS = YES;
				SWIFT_VERSION = 5.0;
				TARGETED_DEVICE_FAMILY = "1,2";
			};
			name = Debug;
		};
		253266E02B83509600D85F1E /* Release */ = {
			isa = XCBuildConfiguration;
			buildSettings = {
				ASSETCATALOG_COMPILER_APPICON_NAME = AppIcon;
				ASSETCATALOG_COMPILER_GLOBAL_ACCENT_COLOR_NAME = AccentColor;
				CODE_SIGN_STYLE = Automatic;
				CURRENT_PROJECT_VERSION = 1;
				GENERATE_INFOPLIST_FILE = YES;
				INFOPLIST_FILE = MovieList/Info.plist;
				INFOPLIST_KEY_UIApplicationSupportsIndirectInputEvents = YES;
				INFOPLIST_KEY_UILaunchStoryboardName = LaunchScreen;
				INFOPLIST_KEY_UIMainStoryboardFile = Main;
				INFOPLIST_KEY_UISupportedInterfaceOrientations_iPad = "UIInterfaceOrientationPortrait UIInterfaceOrientationPortraitUpsideDown UIInterfaceOrientationLandscapeLeft UIInterfaceOrientationLandscapeRight";
				INFOPLIST_KEY_UISupportedInterfaceOrientations_iPhone = "UIInterfaceOrientationPortrait UIInterfaceOrientationLandscapeLeft UIInterfaceOrientationLandscapeRight";
				LD_RUNPATH_SEARCH_PATHS = (
					"$(inherited)",
					"@executable_path/Frameworks",
				);
				MARKETING_VERSION = 1.0;
				PRODUCT_BUNDLE_IDENTIFIER = com.vuedata.MovieList;
				PRODUCT_NAME = "$(TARGET_NAME)";
				SWIFT_EMIT_LOC_STRINGS = YES;
				SWIFT_VERSION = 5.0;
				TARGETED_DEVICE_FAMILY = "1,2";
			};
			name = Release;
		};
		253266E22B83509600D85F1E /* Debug */ = {
			isa = XCBuildConfiguration;
			buildSettings = {
				ALWAYS_EMBED_SWIFT_STANDARD_LIBRARIES = YES;
				BUNDLE_LOADER = "$(TEST_HOST)";
				CODE_SIGN_STYLE = Automatic;
				CURRENT_PROJECT_VERSION = 1;
				GENERATE_INFOPLIST_FILE = YES;
				IPHONEOS_DEPLOYMENT_TARGET = 17.2;
				MARKETING_VERSION = 1.0;
				PRODUCT_BUNDLE_IDENTIFIER = com.vuedata.MovieListTests;
				PRODUCT_NAME = "$(TARGET_NAME)";
				SWIFT_EMIT_LOC_STRINGS = NO;
				SWIFT_VERSION = 5.0;
				TARGETED_DEVICE_FAMILY = "1,2";
				TEST_HOST = "$(BUILT_PRODUCTS_DIR)/MovieList.app/$(BUNDLE_EXECUTABLE_FOLDER_PATH)/MovieList";
			};
			name = Debug;
		};
		253266E32B83509600D85F1E /* Release */ = {
			isa = XCBuildConfiguration;
			buildSettings = {
				ALWAYS_EMBED_SWIFT_STANDARD_LIBRARIES = YES;
				BUNDLE_LOADER = "$(TEST_HOST)";
				CODE_SIGN_STYLE = Automatic;
				CURRENT_PROJECT_VERSION = 1;
				GENERATE_INFOPLIST_FILE = YES;
				IPHONEOS_DEPLOYMENT_TARGET = 17.2;
				MARKETING_VERSION = 1.0;
				PRODUCT_BUNDLE_IDENTIFIER = com.vuedata.MovieListTests;
				PRODUCT_NAME = "$(TARGET_NAME)";
				SWIFT_EMIT_LOC_STRINGS = NO;
				SWIFT_VERSION = 5.0;
				TARGETED_DEVICE_FAMILY = "1,2";
				TEST_HOST = "$(BUILT_PRODUCTS_DIR)/MovieList.app/$(BUNDLE_EXECUTABLE_FOLDER_PATH)/MovieList";
			};
			name = Release;
		};
		253266E52B83509600D85F1E /* Debug */ = {
			isa = XCBuildConfiguration;
			buildSettings = {
				ALWAYS_EMBED_SWIFT_STANDARD_LIBRARIES = YES;
				CODE_SIGN_STYLE = Automatic;
				CURRENT_PROJECT_VERSION = 1;
				GENERATE_INFOPLIST_FILE = YES;
				MARKETING_VERSION = 1.0;
				PRODUCT_BUNDLE_IDENTIFIER = com.vuedata.MovieListUITests;
				PRODUCT_NAME = "$(TARGET_NAME)";
				SWIFT_EMIT_LOC_STRINGS = NO;
				SWIFT_VERSION = 5.0;
				TARGETED_DEVICE_FAMILY = "1,2";
				TEST_TARGET_NAME = MovieList;
			};
			name = Debug;
		};
		253266E62B83509600D85F1E /* Release */ = {
			isa = XCBuildConfiguration;
			buildSettings = {
				ALWAYS_EMBED_SWIFT_STANDARD_LIBRARIES = YES;
				CODE_SIGN_STYLE = Automatic;
				CURRENT_PROJECT_VERSION = 1;
				GENERATE_INFOPLIST_FILE = YES;
				MARKETING_VERSION = 1.0;
				PRODUCT_BUNDLE_IDENTIFIER = com.vuedata.MovieListUITests;
				PRODUCT_NAME = "$(TARGET_NAME)";
				SWIFT_EMIT_LOC_STRINGS = NO;
				SWIFT_VERSION = 5.0;
				TARGETED_DEVICE_FAMILY = "1,2";
				TEST_TARGET_NAME = MovieList;
			};
			name = Release;
		};
/* End XCBuildConfiguration section */

/* Begin XCConfigurationList section */
		253266AF2B83509400D85F1E /* Build configuration list for PBXProject "MovieList" */ = {
			isa = XCConfigurationList;
			buildConfigurations = (
				253266DC2B83509600D85F1E /* Debug */,
				253266DD2B83509600D85F1E /* Release */,
			);
			defaultConfigurationIsVisible = 0;
			defaultConfigurationName = Release;
		};
		253266DE2B83509600D85F1E /* Build configuration list for PBXNativeTarget "MovieList" */ = {
			isa = XCConfigurationList;
			buildConfigurations = (
				253266DF2B83509600D85F1E /* Debug */,
				253266E02B83509600D85F1E /* Release */,
			);
			defaultConfigurationIsVisible = 0;
			defaultConfigurationName = Release;
		};
		253266E12B83509600D85F1E /* Build configuration list for PBXNativeTarget "MovieListTests" */ = {
			isa = XCConfigurationList;
			buildConfigurations = (
				253266E22B83509600D85F1E /* Debug */,
				253266E32B83509600D85F1E /* Release */,
			);
			defaultConfigurationIsVisible = 0;
			defaultConfigurationName = Release;
		};
		253266E42B83509600D85F1E /* Build configuration list for PBXNativeTarget "MovieListUITests" */ = {
			isa = XCConfigurationList;
			buildConfigurations = (
				253266E52B83509600D85F1E /* Debug */,
				253266E62B83509600D85F1E /* Release */,
			);
			defaultConfigurationIsVisible = 0;
			defaultConfigurationName = Release;
		};
/* End XCConfigurationList section */
	};
	rootObject = 253266AC2B83509400D85F1E /* Project object */;
}
